
Microsoft Visual Studio Solution File, Format Version 12.00
# Visual Studio Version 17
VisualStudioVersion = 17.5.33516.290
MinimumVisualStudioVersion = 10.0.40219.1
Project("{FAE04EC0-301F-11D3-BF4B-00C04F79EFBC}") = "Vinca_Projekat", "Vinca_Projekat\Vinca_Projekat.csproj", "{876624B7-08BD-47FB-80BA-CFAC7F80186F}"
EndProject
Global
	GlobalSection(SolutionConfigurationPlatforms) = preSolution
		Debug|Any CPU = Debug|Any CPU
		Release|Any CPU = Release|Any CPU
	EndGlobalSection
	GlobalSection(ProjectConfigurationPlatforms) = postSolution
		{876624B7-08BD-47FB-80BA-CFAC7F80186F}.Debug|Any CPU.ActiveCfg = Debug|Any CPU
		{876624B7-08BD-47FB-80BA-CFAC7F80186F}.Debug|Any CPU.Build.0 = Debug|Any CPU
		{876624B7-08BD-47FB-80BA-CFAC7F80186F}.Release|Any CPU.ActiveCfg = Release|Any CPU
		{876624B7-08BD-47FB-80BA-CFAC7F80186F}.Release|Any CPU.Build.0 = Release|Any CPU
	EndGlobalSection
	GlobalSection(SolutionProperties) = preSolution
		HideSolutionNode = FALSE
	EndGlobalSection
	GlobalSection(ExtensibilityGlobals) = postSolution
		SolutionGuid = {A12726FB-14C5-4935-A9AE-C2F69F4CCF07}
	EndGlobalSection
EndGlobal
